// !$*UTF8*$!
{
	archiveVersion = 1;
	classes = {
	};
	objectVersion = 56;
	objects = {

/* Begin PBXBuildFile section */
		9C38D6352A067DBF0096B970 /* ArticleUseCase.swift in Sources */ = {isa = PBXBuildFile; fileRef = 9C38D6342A067DBF0096B970 /* ArticleUseCase.swift */; };
		9C38D6382A067DE40096B970 /* NetworkFeature in Frameworks */ = {isa = PBXBuildFile; productRef = 9C38D6372A067DE40096B970 /* NetworkFeature */; };
		9C38D63B2A067E770096B970 /* PopularArticlesRequest.swift in Sources */ = {isa = PBXBuildFile; fileRef = 9C38D63A2A067E770096B970 /* PopularArticlesRequest.swift */; };
		9C38D63D2A067EDB0096B970 /* Article.swift in Sources */ = {isa = PBXBuildFile; fileRef = 9C38D63C2A067EDB0096B970 /* Article.swift */; };
		9C38D6402A067F450096B970 /* Constants.swift in Sources */ = {isa = PBXBuildFile; fileRef = 9C38D63F2A067F450096B970 /* Constants.swift */; };
		9C38D6422A067FC00096B970 /* FamousArticlesResponse.swift in Sources */ = {isa = PBXBuildFile; fileRef = 9C38D6412A067FC00096B970 /* FamousArticlesResponse.swift */; };
		9C38D6452A0681030096B970 /* Coordinator.swift in Sources */ = {isa = PBXBuildFile; fileRef = 9C38D6442A0681030096B970 /* Coordinator.swift */; };
		9C38D6472A0681660096B970 /* AppCoordinator.swift in Sources */ = {isa = PBXBuildFile; fileRef = 9C38D6462A0681660096B970 /* AppCoordinator.swift */; };
		9C38D6492A06823F0096B970 /* PopularArticlesViewController.swift in Sources */ = {isa = PBXBuildFile; fileRef = 9C38D6482A06823F0096B970 /* PopularArticlesViewController.swift */; };
		9C38D64B2A0682500096B970 /* Article.storyboard in Resources */ = {isa = PBXBuildFile; fileRef = 9C38D64A2A0682500096B970 /* Article.storyboard */; };
		9C38D64E2A06829A0096B970 /* UIStoryboard+Extensions.swift in Sources */ = {isa = PBXBuildFile; fileRef = 9C38D64D2A06829A0096B970 /* UIStoryboard+Extensions.swift */; };
		9C38D6502A0682E60096B970 /* PopularArticlesCoordinator.swift in Sources */ = {isa = PBXBuildFile; fileRef = 9C38D64F2A0682E60096B970 /* PopularArticlesCoordinator.swift */; };
		9C38D6522A0685250096B970 /* PopularArticlesViewModel.swift in Sources */ = {isa = PBXBuildFile; fileRef = 9C38D6512A0685250096B970 /* PopularArticlesViewModel.swift */; };
		9CB488A02A066DE9008E8B39 /* AppDelegate.swift in Sources */ = {isa = PBXBuildFile; fileRef = 9CB4889F2A066DE9008E8B39 /* AppDelegate.swift */; };
		9CB488A22A066DE9008E8B39 /* SceneDelegate.swift in Sources */ = {isa = PBXBuildFile; fileRef = 9CB488A12A066DE9008E8B39 /* SceneDelegate.swift */; };
		9CB488A92A066DEA008E8B39 /* Assets.xcassets in Resources */ = {isa = PBXBuildFile; fileRef = 9CB488A82A066DEA008E8B39 /* Assets.xcassets */; };
		9CB488AC2A066DEA008E8B39 /* LaunchScreen.storyboard in Resources */ = {isa = PBXBuildFile; fileRef = 9CB488AA2A066DEA008E8B39 /* LaunchScreen.storyboard */; };
/* End PBXBuildFile section */

/* Begin PBXFileReference section */
		9C38D6342A067DBF0096B970 /* ArticleUseCase.swift */ = {isa = PBXFileReference; lastKnownFileType = sourcecode.swift; path = ArticleUseCase.swift; sourceTree = "<group>"; };
		9C38D63A2A067E770096B970 /* PopularArticlesRequest.swift */ = {isa = PBXFileReference; lastKnownFileType = sourcecode.swift; path = PopularArticlesRequest.swift; sourceTree = "<group>"; };
		9C38D63C2A067EDB0096B970 /* Article.swift */ = {isa = PBXFileReference; lastKnownFileType = sourcecode.swift; path = Article.swift; sourceTree = "<group>"; };
		9C38D63F2A067F450096B970 /* Constants.swift */ = {isa = PBXFileReference; lastKnownFileType = sourcecode.swift; path = Constants.swift; sourceTree = "<group>"; };
		9C38D6412A067FC00096B970 /* FamousArticlesResponse.swift */ = {isa = PBXFileReference; lastKnownFileType = sourcecode.swift; path = FamousArticlesResponse.swift; sourceTree = "<group>"; };
		9C38D6442A0681030096B970 /* Coordinator.swift */ = {isa = PBXFileReference; lastKnownFileType = sourcecode.swift; path = Coordinator.swift; sourceTree = "<group>"; };
		9C38D6462A0681660096B970 /* AppCoordinator.swift */ = {isa = PBXFileReference; lastKnownFileType = sourcecode.swift; path = AppCoordinator.swift; sourceTree = "<group>"; };
		9C38D6482A06823F0096B970 /* PopularArticlesViewController.swift */ = {isa = PBXFileReference; lastKnownFileType = sourcecode.swift; path = PopularArticlesViewController.swift; sourceTree = "<group>"; };
		9C38D64A2A0682500096B970 /* Article.storyboard */ = {isa = PBXFileReference; lastKnownFileType = file.storyboard; path = Article.storyboard; sourceTree = "<group>"; };
		9C38D64D2A06829A0096B970 /* UIStoryboard+Extensions.swift */ = {isa = PBXFileReference; lastKnownFileType = sourcecode.swift; path = "UIStoryboard+Extensions.swift"; sourceTree = "<group>"; };
		9C38D64F2A0682E60096B970 /* PopularArticlesCoordinator.swift */ = {isa = PBXFileReference; lastKnownFileType = sourcecode.swift; path = PopularArticlesCoordinator.swift; sourceTree = "<group>"; };
		9C38D6512A0685250096B970 /* PopularArticlesViewModel.swift */ = {isa = PBXFileReference; lastKnownFileType = sourcecode.swift; path = PopularArticlesViewModel.swift; sourceTree = "<group>"; };
		9CB4889C2A066DE9008E8B39 /* NYArticles.app */ = {isa = PBXFileReference; explicitFileType = wrapper.application; includeInIndex = 0; path = NYArticles.app; sourceTree = BUILT_PRODUCTS_DIR; };
		9CB4889F2A066DE9008E8B39 /* AppDelegate.swift */ = {isa = PBXFileReference; lastKnownFileType = sourcecode.swift; path = AppDelegate.swift; sourceTree = "<group>"; };
		9CB488A12A066DE9008E8B39 /* SceneDelegate.swift */ = {isa = PBXFileReference; lastKnownFileType = sourcecode.swift; path = SceneDelegate.swift; sourceTree = "<group>"; };
		9CB488A82A066DEA008E8B39 /* Assets.xcassets */ = {isa = PBXFileReference; lastKnownFileType = folder.assetcatalog; path = Assets.xcassets; sourceTree = "<group>"; };
		9CB488AB2A066DEA008E8B39 /* Base */ = {isa = PBXFileReference; lastKnownFileType = file.storyboard; name = Base; path = Base.lproj/LaunchScreen.storyboard; sourceTree = "<group>"; };
		9CB488AD2A066DEA008E8B39 /* Info.plist */ = {isa = PBXFileReference; lastKnownFileType = text.plist.xml; path = Info.plist; sourceTree = "<group>"; };
/* End PBXFileReference section */

/* Begin PBXFrameworksBuildPhase section */
		9CB488992A066DE9008E8B39 /* Frameworks */ = {
			isa = PBXFrameworksBuildPhase;
			buildActionMask = 2147483647;
			files = (
				9C38D6382A067DE40096B970 /* NetworkFeature in Frameworks */,
			);
			runOnlyForDeploymentPostprocessing = 0;
		};
/* End PBXFrameworksBuildPhase section */

/* Begin PBXGroup section */
		9C38D62E2A067B3D0096B970 /* AppSetup */ = {
			isa = PBXGroup;
			children = (
				9CB4889F2A066DE9008E8B39 /* AppDelegate.swift */,
				9CB488A12A066DE9008E8B39 /* SceneDelegate.swift */,
				9C38D6462A0681660096B970 /* AppCoordinator.swift */,
			);
			path = AppSetup;
			sourceTree = "<group>";
		};
		9C38D62F2A067B490096B970 /* Feature */ = {
			isa = PBXGroup;
			children = (
				9C38D6392A067E350096B970 /* Models */,
				9C38D6332A067D210096B970 /* UseCases */,
				9C38D6322A067D150096B970 /* PopularArticles */,
			);
			path = Feature;
			sourceTree = "<group>";
		};
		9C38D6302A067B590096B970 /* Storyboards */ = {
			isa = PBXGroup;
			children = (
				9CB488AA2A066DEA008E8B39 /* LaunchScreen.storyboard */,
				9C38D64A2A0682500096B970 /* Article.storyboard */,
			);
			path = Storyboards;
			sourceTree = "<group>";
		};
		9C38D6312A067B6A0096B970 /* Resources */ = {
			isa = PBXGroup;
			children = (
				9CB488A82A066DEA008E8B39 /* Assets.xcassets */,
				9CB488AD2A066DEA008E8B39 /* Info.plist */,
			);
			path = Resources;
			sourceTree = "<group>";
		};
		9C38D6322A067D150096B970 /* PopularArticles */ = {
			isa = PBXGroup;
			children = (
				9C38D6482A06823F0096B970 /* PopularArticlesViewController.swift */,
				9C38D64F2A0682E60096B970 /* PopularArticlesCoordinator.swift */,
				9C38D6512A0685250096B970 /* PopularArticlesViewModel.swift */,
			);
			path = PopularArticles;
			sourceTree = "<group>";
		};
		9C38D6332A067D210096B970 /* UseCases */ = {
			isa = PBXGroup;
			children = (
				9C38D6342A067DBF0096B970 /* ArticleUseCase.swift */,
			);
			path = UseCases;
			sourceTree = "<group>";
		};
		9C38D6362A067DE40096B970 /* Frameworks */ = {
			isa = PBXGroup;
			children = (
			);
			name = Frameworks;
			sourceTree = "<group>";
		};
		9C38D6392A067E350096B970 /* Models */ = {
			isa = PBXGroup;
			children = (
				9C38D63A2A067E770096B970 /* PopularArticlesRequest.swift */,
				9C38D63C2A067EDB0096B970 /* Article.swift */,
				9C38D6412A067FC00096B970 /* FamousArticlesResponse.swift */,
			);
			path = Models;
			sourceTree = "<group>";
		};
		9C38D63E2A067F320096B970 /* Constants */ = {
			isa = PBXGroup;
			children = (
				9C38D63F2A067F450096B970 /* Constants.swift */,
			);
			path = Constants;
			sourceTree = "<group>";
		};
		9C38D6432A0680F10096B970 /* Common */ = {
			isa = PBXGroup;
			children = (
				9C38D64C2A06828A0096B970 /* Extensions */,
				9C38D6442A0681030096B970 /* Coordinator.swift */,
			);
			path = Common;
			sourceTree = "<group>";
		};
		9C38D64C2A06828A0096B970 /* Extensions */ = {
			isa = PBXGroup;
			children = (
				9C38D64D2A06829A0096B970 /* UIStoryboard+Extensions.swift */,
			);
			path = Extensions;
			sourceTree = "<group>";
		};
		9CB488932A066DE9008E8B39 = {
			isa = PBXGroup;
			children = (
				9CB4889E2A066DE9008E8B39 /* NYArticles */,
				9CB4889D2A066DE9008E8B39 /* Products */,
				9C38D6362A067DE40096B970 /* Frameworks */,
			);
			sourceTree = "<group>";
		};
		9CB4889D2A066DE9008E8B39 /* Products */ = {
			isa = PBXGroup;
			children = (
				9CB4889C2A066DE9008E8B39 /* NYArticles.app */,
			);
			name = Products;
			sourceTree = "<group>";
		};
		9CB4889E2A066DE9008E8B39 /* NYArticles */ = {
			isa = PBXGroup;
			children = (
				9C38D62E2A067B3D0096B970 /* AppSetup */,
				9C38D62F2A067B490096B970 /* Feature */,
				9C38D6312A067B6A0096B970 /* Resources */,
				9C38D6302A067B590096B970 /* Storyboards */,
				9C38D6432A0680F10096B970 /* Common */,
				9C38D63E2A067F320096B970 /* Constants */,
			);
			path = NYArticles;
			sourceTree = "<group>";
		};
/* End PBXGroup section */

/* Begin PBXNativeTarget section */
		9CB4889B2A066DE9008E8B39 /* NYArticles */ = {
			isa = PBXNativeTarget;
			buildConfigurationList = 9CB488B02A066DEA008E8B39 /* Build configuration list for PBXNativeTarget "NYArticles" */;
			buildPhases = (
				9CB488982A066DE9008E8B39 /* Sources */,
				9CB488992A066DE9008E8B39 /* Frameworks */,
				9CB4889A2A066DE9008E8B39 /* Resources */,
			);
			buildRules = (
			);
			dependencies = (
			);
			name = NYArticles;
			packageProductDependencies = (
				9C38D6372A067DE40096B970 /* NetworkFeature */,
			);
			productName = NYArticles;
			productReference = 9CB4889C2A066DE9008E8B39 /* NYArticles.app */;
			productType = "com.apple.product-type.application";
		};
/* End PBXNativeTarget section */

/* Begin PBXProject section */
		9CB488942A066DE9008E8B39 /* Project object */ = {
			isa = PBXProject;
			attributes = {
				BuildIndependentTargetsInParallel = 1;
				LastSwiftUpdateCheck = 1420;
				LastUpgradeCheck = 1420;
				TargetAttributes = {
					9CB4889B2A066DE9008E8B39 = {
						CreatedOnToolsVersion = 14.2;
					};
				};
			};
			buildConfigurationList = 9CB488972A066DE9008E8B39 /* Build configuration list for PBXProject "NYArticles" */;
			compatibilityVersion = "Xcode 14.0";
			developmentRegion = en;
			hasScannedForEncodings = 0;
			knownRegions = (
				en,
				Base,
			);
			mainGroup = 9CB488932A066DE9008E8B39;
			productRefGroup = 9CB4889D2A066DE9008E8B39 /* Products */;
			projectDirPath = "";
			projectRoot = "";
			targets = (
				9CB4889B2A066DE9008E8B39 /* NYArticles */,
			);
		};
/* End PBXProject section */

/* Begin PBXResourcesBuildPhase section */
		9CB4889A2A066DE9008E8B39 /* Resources */ = {
			isa = PBXResourcesBuildPhase;
			buildActionMask = 2147483647;
			files = (
				9CB488AC2A066DEA008E8B39 /* LaunchScreen.storyboard in Resources */,
				9CB488A92A066DEA008E8B39 /* Assets.xcassets in Resources */,
				9C38D64B2A0682500096B970 /* Article.storyboard in Resources */,
			);
			runOnlyForDeploymentPostprocessing = 0;
		};
/* End PBXResourcesBuildPhase section */

/* Begin PBXSourcesBuildPhase section */
		9CB488982A066DE9008E8B39 /* Sources */ = {
			isa = PBXSourcesBuildPhase;
			buildActionMask = 2147483647;
			files = (
				9C38D6422A067FC00096B970 /* FamousArticlesResponse.swift in Sources */,
				9C38D6352A067DBF0096B970 /* ArticleUseCase.swift in Sources */,
				9C38D6502A0682E60096B970 /* PopularArticlesCoordinator.swift in Sources */,
				9C38D6472A0681660096B970 /* AppCoordinator.swift in Sources */,
				9C38D6492A06823F0096B970 /* PopularArticlesViewController.swift in Sources */,
				9C38D63D2A067EDB0096B970 /* Article.swift in Sources */,
				9C38D6522A0685250096B970 /* PopularArticlesViewModel.swift in Sources */,
				9C38D63B2A067E770096B970 /* PopularArticlesRequest.swift in Sources */,
				9C38D6402A067F450096B970 /* Constants.swift in Sources */,
				9CB488A02A066DE9008E8B39 /* AppDelegate.swift in Sources */,
				9CB488A22A066DE9008E8B39 /* SceneDelegate.swift in Sources */,
				9C38D64E2A06829A0096B970 /* UIStoryboard+Extensions.swift in Sources */,
				9C38D6452A0681030096B970 /* Coordinator.swift in Sources */,
			);
			runOnlyForDeploymentPostprocessing = 0;
		};
/* End PBXSourcesBuildPhase section */

/* Begin PBXVariantGroup section */
		9CB488AA2A066DEA008E8B39 /* LaunchScreen.storyboard */ = {
			isa = PBXVariantGroup;
			children = (
				9CB488AB2A066DEA008E8B39 /* Base */,
			);
			name = LaunchScreen.storyboard;
			sourceTree = "<group>";
		};
/* End PBXVariantGroup section */

/* Begin XCBuildConfiguration section */
		9CB488AE2A066DEA008E8B39 /* Debug */ = {
			isa = XCBuildConfiguration;
			buildSettings = {
				ALWAYS_SEARCH_USER_PATHS = NO;
				CLANG_ANALYZER_NONNULL = YES;
				CLANG_ANALYZER_NUMBER_OBJECT_CONVERSION = YES_AGGRESSIVE;
				CLANG_CXX_LANGUAGE_STANDARD = "gnu++20";
				CLANG_ENABLE_MODULES = YES;
				CLANG_ENABLE_OBJC_ARC = YES;
				CLANG_ENABLE_OBJC_WEAK = YES;
				CLANG_WARN_BLOCK_CAPTURE_AUTORELEASING = YES;
				CLANG_WARN_BOOL_CONVERSION = YES;
				CLANG_WARN_COMMA = YES;
				CLANG_WARN_CONSTANT_CONVERSION = YES;
				CLANG_WARN_DEPRECATED_OBJC_IMPLEMENTATIONS = YES;
				CLANG_WARN_DIRECT_OBJC_ISA_USAGE = YES_ERROR;
				CLANG_WARN_DOCUMENTATION_COMMENTS = YES;
				CLANG_WARN_EMPTY_BODY = YES;
				CLANG_WARN_ENUM_CONVERSION = YES;
				CLANG_WARN_INFINITE_RECURSION = YES;
				CLANG_WARN_INT_CONVERSION = YES;
				CLANG_WARN_NON_LITERAL_NULL_CONVERSION = YES;
				CLANG_WARN_OBJC_IMPLICIT_RETAIN_SELF = YES;
				CLANG_WARN_OBJC_LITERAL_CONVERSION = YES;
				CLANG_WARN_OBJC_ROOT_CLASS = YES_ERROR;
				CLANG_WARN_QUOTED_INCLUDE_IN_FRAMEWORK_HEADER = YES;
				CLANG_WARN_RANGE_LOOP_ANALYSIS = YES;
				CLANG_WARN_STRICT_PROTOTYPES = YES;
				CLANG_WARN_SUSPICIOUS_MOVE = YES;
				CLANG_WARN_UNGUARDED_AVAILABILITY = YES_AGGRESSIVE;
				CLANG_WARN_UNREACHABLE_CODE = YES;
				CLANG_WARN__DUPLICATE_METHOD_MATCH = YES;
				COPY_PHASE_STRIP = NO;
				DEBUG_INFORMATION_FORMAT = dwarf;
				ENABLE_STRICT_OBJC_MSGSEND = YES;
				ENABLE_TESTABILITY = YES;
				GCC_C_LANGUAGE_STANDARD = gnu11;
				GCC_DYNAMIC_NO_PIC = NO;
				GCC_NO_COMMON_BLOCKS = YES;
				GCC_OPTIMIZATION_LEVEL = 0;
				GCC_PREPROCESSOR_DEFINITIONS = (
					"DEBUG=1",
					"$(inherited)",
				);
				GCC_WARN_64_TO_32_BIT_CONVERSION = YES;
				GCC_WARN_ABOUT_RETURN_TYPE = YES_ERROR;
				GCC_WARN_UNDECLARED_SELECTOR = YES;
				GCC_WARN_UNINITIALIZED_AUTOS = YES_AGGRESSIVE;
				GCC_WARN_UNUSED_FUNCTION = YES;
				GCC_WARN_UNUSED_VARIABLE = YES;
				IPHONEOS_DEPLOYMENT_TARGET = 16.2;
				MTL_ENABLE_DEBUG_INFO = INCLUDE_SOURCE;
				MTL_FAST_MATH = YES;
				ONLY_ACTIVE_ARCH = YES;
				SDKROOT = iphoneos;
				SWIFT_ACTIVE_COMPILATION_CONDITIONS = DEBUG;
				SWIFT_OPTIMIZATION_LEVEL = "-Onone";
			};
			name = Debug;
		};
		9CB488AF2A066DEA008E8B39 /* Release */ = {
			isa = XCBuildConfiguration;
			buildSettings = {
				ALWAYS_SEARCH_USER_PATHS = NO;
				CLANG_ANALYZER_NONNULL = YES;
				CLANG_ANALYZER_NUMBER_OBJECT_CONVERSION = YES_AGGRESSIVE;
				CLANG_CXX_LANGUAGE_STANDARD = "gnu++20";
				CLANG_ENABLE_MODULES = YES;
				CLANG_ENABLE_OBJC_ARC = YES;
				CLANG_ENABLE_OBJC_WEAK = YES;
				CLANG_WARN_BLOCK_CAPTURE_AUTORELEASING = YES;
				CLANG_WARN_BOOL_CONVERSION = YES;
				CLANG_WARN_COMMA = YES;
				CLANG_WARN_CONSTANT_CONVERSION = YES;
				CLANG_WARN_DEPRECATED_OBJC_IMPLEMENTATIONS = YES;
				CLANG_WARN_DIRECT_OBJC_ISA_USAGE = YES_ERROR;
				CLANG_WARN_DOCUMENTATION_COMMENTS = YES;
				CLANG_WARN_EMPTY_BODY = YES;
				CLANG_WARN_ENUM_CONVERSION = YES;
				CLANG_WARN_INFINITE_RECURSION = YES;
				CLANG_WARN_INT_CONVERSION = YES;
				CLANG_WARN_NON_LITERAL_NULL_CONVERSION = YES;
				CLANG_WARN_OBJC_IMPLICIT_RETAIN_SELF = YES;
				CLANG_WARN_OBJC_LITERAL_CONVERSION = YES;
				CLANG_WARN_OBJC_ROOT_CLASS = YES_ERROR;
				CLANG_WARN_QUOTED_INCLUDE_IN_FRAMEWORK_HEADER = YES;
				CLANG_WARN_RANGE_LOOP_ANALYSIS = YES;
				CLANG_WARN_STRICT_PROTOTYPES = YES;
				CLANG_WARN_SUSPICIOUS_MOVE = YES;
				CLANG_WARN_UNGUARDED_AVAILABILITY = YES_AGGRESSIVE;
				CLANG_WARN_UNREACHABLE_CODE = YES;
				CLANG_WARN__DUPLICATE_METHOD_MATCH = YES;
				COPY_PHASE_STRIP = NO;
				DEBUG_INFORMATION_FORMAT = "dwarf-with-dsym";
				ENABLE_NS_ASSERTIONS = NO;
				ENABLE_STRICT_OBJC_MSGSEND = YES;
				GCC_C_LANGUAGE_STANDARD = gnu11;
				GCC_NO_COMMON_BLOCKS = YES;
				GCC_WARN_64_TO_32_BIT_CONVERSION = YES;
				GCC_WARN_ABOUT_RETURN_TYPE = YES_ERROR;
				GCC_WARN_UNDECLARED_SELECTOR = YES;
				GCC_WARN_UNINITIALIZED_AUTOS = YES_AGGRESSIVE;
				GCC_WARN_UNUSED_FUNCTION = YES;
				GCC_WARN_UNUSED_VARIABLE = YES;
				IPHONEOS_DEPLOYMENT_TARGET = 16.2;
				MTL_ENABLE_DEBUG_INFO = NO;
				MTL_FAST_MATH = YES;
				SDKROOT = iphoneos;
				SWIFT_COMPILATION_MODE = wholemodule;
				SWIFT_OPTIMIZATION_LEVEL = "-O";
				VALIDATE_PRODUCT = YES;
			};
			name = Release;
		};
		9CB488B12A066DEA008E8B39 /* Debug */ = {
			isa = XCBuildConfiguration;
			buildSettings = {
				ASSETCATALOG_COMPILER_APPICON_NAME = AppIcon;
				ASSETCATALOG_COMPILER_GLOBAL_ACCENT_COLOR_NAME = AccentColor;
				CODE_SIGN_STYLE = Automatic;
				CURRENT_PROJECT_VERSION = 1;
				GENERATE_INFOPLIST_FILE = YES;
				INFOPLIST_FILE = NYArticles/Resources/Info.plist;
				INFOPLIST_KEY_UIApplicationSupportsIndirectInputEvents = YES;
				INFOPLIST_KEY_UILaunchStoryboardName = LaunchScreen;
				INFOPLIST_KEY_UISupportedInterfaceOrientations = "UIInterfaceOrientationPortrait UIInterfaceOrientationPortraitUpsideDown";
				INFOPLIST_KEY_UISupportedInterfaceOrientations_iPad = "UIInterfaceOrientationLandscapeLeft UIInterfaceOrientationLandscapeRight UIInterfaceOrientationPortrait UIInterfaceOrientationPortraitUpsideDown";
				IPHONEOS_DEPLOYMENT_TARGET = 13.0;
				LD_RUNPATH_SEARCH_PATHS = (
					"$(inherited)",
					"@executable_path/Frameworks",
				);
				MARKETING_VERSION = 1.0;
				PRODUCT_BUNDLE_IDENTIFIER = com.NYArticles;
				PRODUCT_NAME = "$(TARGET_NAME)";
				SUPPORTED_PLATFORMS = "iphoneos iphonesimulator";
				SUPPORTS_MACCATALYST = NO;
				SUPPORTS_MAC_DESIGNED_FOR_IPHONE_IPAD = NO;
				SWIFT_EMIT_LOC_STRINGS = YES;
				SWIFT_VERSION = 5.0;
				TARGETED_DEVICE_FAMILY = 1;
			};
			name = Debug;
		};
		9CB488B22A066DEA008E8B39 /* Release */ = {
			isa = XCBuildConfiguration;
			buildSettings = {
				ASSETCATALOG_COMPILER_APPICON_NAME = AppIcon;
				ASSETCATALOG_COMPILER_GLOBAL_ACCENT_COLOR_NAME = AccentColor;
				CODE_SIGN_STYLE = Automatic;
				CURRENT_PROJECT_VERSION = 1;
				GENERATE_INFOPLIST_FILE = YES;
				INFOPLIST_FILE = NYArticles/Resources/Info.plist;
				INFOPLIST_KEY_UIApplicationSupportsIndirectInputEvents = YES;
				INFOPLIST_KEY_UILaunchStoryboardName = LaunchScreen;
				INFOPLIST_KEY_UISupportedInterfaceOrientations = "UIInterfaceOrientationPortrait UIInterfaceOrientationPortraitUpsideDown";
				INFOPLIST_KEY_UISupportedInterfaceOrientations_iPad = "UIInterfaceOrientationLandscapeLeft UIInterfaceOrientationLandscapeRight UIInterfaceOrientationPortrait UIInterfaceOrientationPortraitUpsideDown";
				IPHONEOS_DEPLOYMENT_TARGET = 13.0;
				LD_RUNPATH_SEARCH_PATHS = (
					"$(inherited)",
					"@executable_path/Frameworks",
				);
				MARKETING_VERSION = 1.0;
				PRODUCT_BUNDLE_IDENTIFIER = com.NYArticles;
				PRODUCT_NAME = "$(TARGET_NAME)";
				SUPPORTED_PLATFORMS = "iphoneos iphonesimulator";
				SUPPORTS_MACCATALYST = NO;
				SUPPORTS_MAC_DESIGNED_FOR_IPHONE_IPAD = NO;
				SWIFT_EMIT_LOC_STRINGS = YES;
				SWIFT_VERSION = 5.0;
				TARGETED_DEVICE_FAMILY = 1;
			};
			name = Release;
		};
/* End XCBuildConfiguration section */

/* Begin XCConfigurationList section */
		9CB488972A066DE9008E8B39 /* Build configuration list for PBXProject "NYArticles" */ = {
			isa = XCConfigurationList;
			buildConfigurations = (
				9CB488AE2A066DEA008E8B39 /* Debug */,
				9CB488AF2A066DEA008E8B39 /* Release */,
			);
			defaultConfigurationIsVisible = 0;
			defaultConfigurationName = Release;
		};
		9CB488B02A066DEA008E8B39 /* Build configuration list for PBXNativeTarget "NYArticles" */ = {
			isa = XCConfigurationList;
			buildConfigurations = (
				9CB488B12A066DEA008E8B39 /* Debug */,
				9CB488B22A066DEA008E8B39 /* Release */,
			);
			defaultConfigurationIsVisible = 0;
			defaultConfigurationName = Release;
		};
/* End XCConfigurationList section */

/* Begin XCSwiftPackageProductDependency section */
		9C38D6372A067DE40096B970 /* NetworkFeature */ = {
			isa = XCSwiftPackageProductDependency;
			productName = NetworkFeature;
		};
/* End XCSwiftPackageProductDependency section */
	};
	rootObject = 9CB488942A066DE9008E8B39 /* Project object */;
}
